# THIS IS AN AUTOGENERATED FILE. DO NOT EDIT THIS FILE DIRECTLY.
# yarn lockfile v1


"dayjs@^1.10.7":
  "integrity" "sha512-P6twpd70BcPK34K26uJ1KT3wlhpuOAPoMwJzpsIWUxHZ7wpmbdZL/hQqBDfz7hGurYSa5PhzdhDHtt319hL3ig=="
  "resolved" "https://registry.npmmirror.com/dayjs/-/dayjs-1.10.7.tgz"
  "version" "1.10.7"

"tdesign-miniprogram@^0.5.2":
  "integrity" "sha512-9O1CWgrdJr7qvPlrBjCuun8Uk8uuEWtcV0VIp+D3fHGMoUS+0cPoN1CQiY6CJbuaBbdSZZ9xS5SKvpgb34p7mg=="
  "resolved" "https://registry.npmmirror.com/tdesign-miniprogram/-/tdesign-miniprogram-0.5.2.tgz"
  "version" "0.5.2"
  dependencies:
    "dayjs" "^1.10.7"
