{
  "name": "app",
  "version": "1.0.0",
  "lockfileVersion": 2,
  "requires": true,
  "packages": {
    "": {
      "name": "app",
      "version": "1.0.0",
      "license": "ISC",
      "dependencies": {
        "tdesign-miniprogram": "^0.5.2"
      }
    },
    "node_modules/dayjs": {
      "version": "1.10.7",
      "resolved": "https://registry.npmmirror.com/dayjs/-/dayjs-1.10.7.tgz",
      "integrity": "sha512-P6twpd70BcPK34K26uJ1KT3wlhpuOAPoMwJzpsIWUxHZ7wpmbdZL/hQqBDfz7hGurYSa5PhzdhDHtt319hL3ig=="
    },
    "node_modules/tdesign-miniprogram": {
      "version": "0.5.2",
      "resolved": "https://registry.npmmirror.com/tdesign-miniprogram/-/tdesign-miniprogram-0.5.2.tgz",
      "integrity": "sha512-9O1CWgrdJr7qvPlrBjCuun8Uk8uuEWtcV0VIp+D3fHGMoUS+0cPoN1CQiY6CJbuaBbdSZZ9xS5SKvpgb34p7mg==",
      "workspaces": [
        "./site"
      ],
      "dependencies": {
        "dayjs": "^1.10.7"
      }
    }
  },
  "dependencies": {
    "dayjs": {
      "version": "1.10.7",
      "resolved": "https://registry.npmmirror.com/dayjs/-/dayjs-1.10.7.tgz",
      "integrity": "sha512-P6twpd70BcPK34K26uJ1KT3wlhpuOAPoMwJzpsIWUxHZ7wpmbdZL/hQqBDfz7hGurYSa5PhzdhDHtt319hL3ig=="
    },
    "tdesign-miniprogram": {
      "version": "0.5.2",
      "resolved": "https://registry.npmmirror.com/tdesign-miniprogram/-/tdesign-miniprogram-0.5.2.tgz",
      "integrity": "sha512-9O1CWgrdJr7qvPlrBjCuun8Uk8uuEWtcV0VIp+D3fHGMoUS+0cPoN1CQiY6CJbuaBbdSZZ9xS5SKvpgb34p7mg==",
      "requires": {
        "dayjs": "^1.10.7"
      }
    }
  }
}
